
Microsoft Visual Studio Solution File, Format Version 12.00
# Visual Studio Version 17
VisualStudioVersion = 17.7.34003.232
MinimumVisualStudioVersion = 10.0.40219.1
Project("{FAE04EC0-301F-11D3-BF4B-00C04F79EFBC}") = "Juego_snake", "Juego_snake\Juego_snake.csproj", "{C083A3FC-7EBB-4EF0-9188-8CBF9C353B5A}"
EndProject
Global
	GlobalSection(SolutionConfigurationPlatforms) = preSolution
		Debug|Any CPU = Debug|Any CPU
		Release|Any CPU = Release|Any CPU
	EndGlobalSection
	GlobalSection(ProjectConfigurationPlatforms) = postSolution
		{C083A3FC-7EBB-4EF0-9188-8CBF9C353B5A}.Debug|Any CPU.ActiveCfg = Debug|Any CPU
		{C083A3FC-7EBB-4EF0-9188-8CBF9C353B5A}.Debug|Any CPU.Build.0 = Debug|Any CPU
		{C083A3FC-7EBB-4EF0-9188-8CBF9C353B5A}.Release|Any CPU.ActiveCfg = Release|Any CPU
		{C083A3FC-7EBB-4EF0-9188-8CBF9C353B5A}.Release|Any CPU.Build.0 = Release|Any CPU
	EndGlobalSection
	GlobalSection(SolutionProperties) = preSolution
		HideSolutionNode = FALSE
	EndGlobalSection
	GlobalSection(ExtensibilityGlobals) = postSolution
		SolutionGuid = {731CAF8C-3B86-4AE2-84A0-B2BA8665D5F9}
	EndGlobalSection
EndGlobal
